
Microsoft Visual Studio Solution File, Format Version 12.00
Project("{FAE04EC0-301F-11D3-BF4B-00C04F79EFBC}") = "Utilities", "Utilities\Utilities.csproj", "{301408DD-E2C5-4F0E-9E1B-96970EACD82E}"
EndProject
Project("{FAE04EC0-301F-11D3-BF4B-00C04F79EFBC}") = "Utilities.Test", "Utilities.Test\Utilities.Test.csproj", "{00B9262D-197E-4B2A-94EF-CAC767AB08D0}"
EndProject
Global
	GlobalSection(SolutionConfigurationPlatforms) = preSolution
		Debug|Any CPU = Debug|Any CPU
		Release|Any CPU = Release|Any CPU
	EndGlobalSection
	GlobalSection(ProjectConfigurationPlatforms) = postSolution
		{301408DD-E2C5-4F0E-9E1B-96970EACD82E}.Debug|Any CPU.ActiveCfg = Debug|Any CPU
		{301408DD-E2C5-4F0E-9E1B-96970EACD82E}.Debug|Any CPU.Build.0 = Debug|Any CPU
		{301408DD-E2C5-4F0E-9E1B-96970EACD82E}.Release|Any CPU.ActiveCfg = Release|Any CPU
		{301408DD-E2C5-4F0E-9E1B-96970EACD82E}.Release|Any CPU.Build.0 = Release|Any CPU
		{00B9262D-197E-4B2A-94EF-CAC767AB08D0}.Debug|Any CPU.ActiveCfg = Debug|Any CPU
		{00B9262D-197E-4B2A-94EF-CAC767AB08D0}.Debug|Any CPU.Build.0 = Debug|Any CPU
		{00B9262D-197E-4B2A-94EF-CAC767AB08D0}.Release|Any CPU.ActiveCfg = Release|Any CPU
		{00B9262D-197E-4B2A-94EF-CAC767AB08D0}.Release|Any CPU.Build.0 = Release|Any CPU
	EndGlobalSection
EndGlobal
